
Microsoft Visual Studio Solution File, Format Version 12.00
# Visual Studio Version 16
VisualStudioVersion = 16.0.29709.97
MinimumVisualStudioVersion = 10.0.40219.1
Project("{FAE04EC0-301F-11D3-BF4B-00C04F79EFBC}") = "Drones", "Drones.csproj", "{5345773A-CC7E-42F6-9BF0-17C7FA6CD830}"
EndProject
Global
	GlobalSection(SolutionConfigurationPlatforms) = preSolution
		Debug|x64 = Debug|x64
	EndGlobalSection
	GlobalSection(ProjectConfigurationPlatforms) = postSolution
		{5345773A-CC7E-42F6-9BF0-17C7FA6CD830}.Debug|x64.ActiveCfg = Debug|x64
		{5345773A-CC7E-42F6-9BF0-17C7FA6CD830}.Debug|x64.Build.0 = Debug|x64
	EndGlobalSection
	GlobalSection(SolutionProperties) = preSolution
		HideSolutionNode = FALSE
	EndGlobalSection
	GlobalSection(ExtensibilityGlobals) = postSolution
		SolutionGuid = {48876290-6AFE-448B-9BEF-CA4B33CBD910}
	EndGlobalSection
EndGlobal
