
Microsoft Visual Studio Solution File, Format Version 12.00
# Visual Studio Version 16
VisualStudioVersion = 16.0.29709.97
MinimumVisualStudioVersion = 10.0.40219.1
Project("{FAE04EC0-301F-11D3-BF4B-00C04F79EFBC}") = "Drones", "Drones.csproj", "{5345773A-CC7E-42F6-9BF0-17C7FA6CD830}"
EndProject
Project("{FAE04EC0-301F-11D3-BF4B-00C04F79EFBC}") = "Vectors", "..\Vectors\Vectors.csproj", "{8580047B-0F4D-49C0-9F32-4DE8B0418281}"
EndProject
Project("{FAE04EC0-301F-11D3-BF4B-00C04F79EFBC}") = "test", "..\test\test.csproj", "{3A0F5215-5870-4C30-9A93-C9F40839624F}"
EndProject
Project("{FAE04EC0-301F-11D3-BF4B-00C04F79EFBC}") = "LIDAR", "..\LIDAR\LIDAR.csproj", "{1782C53C-3552-45C2-8425-448C8E2A53C3}"
EndProject
Project("{FAE04EC0-301F-11D3-BF4B-00C04F79EFBC}") = "Main Computer", "..\Main Computer\Main Computer.csproj", "{2533FE63-AF26-4C47-A932-15C459EDF2FC}"
EndProject
Project("{FAE04EC0-301F-11D3-BF4B-00C04F79EFBC}") = "unicast_spike", "..\unicast_spike\unicast_spike.csproj", "{210D9E70-21E2-4910-988E-EE16C2E32420}"
EndProject
Global
	GlobalSection(SolutionConfigurationPlatforms) = preSolution
		Debug|x64 = Debug|x64
	EndGlobalSection
	GlobalSection(ProjectConfigurationPlatforms) = postSolution
		{5345773A-CC7E-42F6-9BF0-17C7FA6CD830}.Debug|x64.ActiveCfg = Debug|x64
		{5345773A-CC7E-42F6-9BF0-17C7FA6CD830}.Debug|x64.Build.0 = Debug|x64
		{8580047B-0F4D-49C0-9F32-4DE8B0418281}.Debug|x64.ActiveCfg = Debug|x64
		{8580047B-0F4D-49C0-9F32-4DE8B0418281}.Debug|x64.Build.0 = Debug|x64
		{3A0F5215-5870-4C30-9A93-C9F40839624F}.Debug|x64.ActiveCfg = Debug|x64
		{3A0F5215-5870-4C30-9A93-C9F40839624F}.Debug|x64.Build.0 = Debug|x64
		{1782C53C-3552-45C2-8425-448C8E2A53C3}.Debug|x64.ActiveCfg = Debug|x64
		{1782C53C-3552-45C2-8425-448C8E2A53C3}.Debug|x64.Build.0 = Debug|x64
		{2533FE63-AF26-4C47-A932-15C459EDF2FC}.Debug|x64.ActiveCfg = Debug|x64
		{2533FE63-AF26-4C47-A932-15C459EDF2FC}.Debug|x64.Build.0 = Debug|x64
		{210D9E70-21E2-4910-988E-EE16C2E32420}.Debug|x64.ActiveCfg = Debug|x64
		{210D9E70-21E2-4910-988E-EE16C2E32420}.Debug|x64.Build.0 = Debug|x64
	EndGlobalSection
	GlobalSection(SolutionProperties) = preSolution
		HideSolutionNode = FALSE
	EndGlobalSection
	GlobalSection(ExtensibilityGlobals) = postSolution
		SolutionGuid = {48876290-6AFE-448B-9BEF-CA4B33CBD910}
	EndGlobalSection
EndGlobal
